
Microsoft Visual Studio Solution File, Format Version 12.00
# Visual Studio Version 16
VisualStudioVersion = 16.0.31911.196
MinimumVisualStudioVersion = 10.0.40219.1
Project("{FAE04EC0-301F-11D3-BF4B-00C04F79EFBC}") = "AppLauncher.ALGenCallsSabNetSrv", "AppLauncher.ALGenCallsSabNetSrv\AppLauncher.ALGenCallsSabNetSrv.csproj", "{107232CD-7AA9-46ED-865D-DAAB7D332520}"
EndProject
Project("{FAE04EC0-301F-11D3-BF4B-00C04F79EFBC}") = "AppLauncher.BE", "AppLauncher.BE\AppLauncher.BE.csproj", "{D92A3AC8-A217-4205-8E51-4F03CF929429}"
EndProject
Project("{FAE04EC0-301F-11D3-BF4B-00C04F79EFBC}") = "AppLauncher.DL", "AppLauncher.DL\AppLauncher.DL.csproj", "{DB33477B-506A-4D1C-9E72-CEE004ECC086}"
EndProject
Project("{FAE04EC0-301F-11D3-BF4B-00C04F79EFBC}") = "AppLauncher.BL", "AppLauncher.BL\AppLauncher.BL.csproj", "{7BC32454-9DE3-47A1-92D1-80E7129259B9}"
EndProject
Global
	GlobalSection(SolutionConfigurationPlatforms) = preSolution
		Debug|Any CPU = Debug|Any CPU
		Release|Any CPU = Release|Any CPU
	EndGlobalSection
	GlobalSection(ProjectConfigurationPlatforms) = postSolution
		{107232CD-7AA9-46ED-865D-DAAB7D332520}.Debug|Any CPU.ActiveCfg = Debug|Any CPU
		{107232CD-7AA9-46ED-865D-DAAB7D332520}.Debug|Any CPU.Build.0 = Debug|Any CPU
		{107232CD-7AA9-46ED-865D-DAAB7D332520}.Release|Any CPU.ActiveCfg = Release|Any CPU
		{107232CD-7AA9-46ED-865D-DAAB7D332520}.Release|Any CPU.Build.0 = Release|Any CPU
		{D92A3AC8-A217-4205-8E51-4F03CF929429}.Debug|Any CPU.ActiveCfg = Debug|Any CPU
		{D92A3AC8-A217-4205-8E51-4F03CF929429}.Debug|Any CPU.Build.0 = Debug|Any CPU
		{D92A3AC8-A217-4205-8E51-4F03CF929429}.Release|Any CPU.ActiveCfg = Release|Any CPU
		{D92A3AC8-A217-4205-8E51-4F03CF929429}.Release|Any CPU.Build.0 = Release|Any CPU
		{DB33477B-506A-4D1C-9E72-CEE004ECC086}.Debug|Any CPU.ActiveCfg = Debug|Any CPU
		{DB33477B-506A-4D1C-9E72-CEE004ECC086}.Debug|Any CPU.Build.0 = Debug|Any CPU
		{DB33477B-506A-4D1C-9E72-CEE004ECC086}.Release|Any CPU.ActiveCfg = Release|Any CPU
		{DB33477B-506A-4D1C-9E72-CEE004ECC086}.Release|Any CPU.Build.0 = Release|Any CPU
		{7BC32454-9DE3-47A1-92D1-80E7129259B9}.Debug|Any CPU.ActiveCfg = Debug|Any CPU
		{7BC32454-9DE3-47A1-92D1-80E7129259B9}.Debug|Any CPU.Build.0 = Debug|Any CPU
		{7BC32454-9DE3-47A1-92D1-80E7129259B9}.Release|Any CPU.ActiveCfg = Release|Any CPU
		{7BC32454-9DE3-47A1-92D1-80E7129259B9}.Release|Any CPU.Build.0 = Release|Any CPU
	EndGlobalSection
	GlobalSection(SolutionProperties) = preSolution
		HideSolutionNode = FALSE
	EndGlobalSection
	GlobalSection(ExtensibilityGlobals) = postSolution
		SolutionGuid = {B5008604-64C0-43EC-B678-C57C9B793628}
	EndGlobalSection
EndGlobal
